
Microsoft Visual Studio Solution File, Format Version 12.00
# Visual Studio Version 16
VisualStudioVersion = 16.0.31019.35
MinimumVisualStudioVersion = 10.0.40219.1
Project("{FAE04EC0-301F-11D3-BF4B-00C04F79EFBC}") = "My_Class", "My_Class\My_Class.csproj", "{1E3FF204-036C-4165-8C10-8FB25569EEB6}"
EndProject
Global
	GlobalSection(SolutionConfigurationPlatforms) = preSolution
		Debug|Any CPU = Debug|Any CPU
		Release|Any CPU = Release|Any CPU
	EndGlobalSection
	GlobalSection(ProjectConfigurationPlatforms) = postSolution
		{1E3FF204-036C-4165-8C10-8FB25569EEB6}.Debug|Any CPU.ActiveCfg = Debug|Any CPU
		{1E3FF204-036C-4165-8C10-8FB25569EEB6}.Debug|Any CPU.Build.0 = Debug|Any CPU
		{1E3FF204-036C-4165-8C10-8FB25569EEB6}.Release|Any CPU.ActiveCfg = Release|Any CPU
		{1E3FF204-036C-4165-8C10-8FB25569EEB6}.Release|Any CPU.Build.0 = Release|Any CPU
	EndGlobalSection
	GlobalSection(SolutionProperties) = preSolution
		HideSolutionNode = FALSE
	EndGlobalSection
	GlobalSection(ExtensibilityGlobals) = postSolution
		SolutionGuid = {DAE6EB2C-D428-40C8-A2A7-5F4AD2E7EBD6}
	EndGlobalSection
EndGlobal
